
Microsoft Visual Studio Solution File, Format Version 12.00
# Visual Studio Version 17
VisualStudioVersion = 17.7.34031.279
MinimumVisualStudioVersion = 10.0.40219.1
Project("{9A19103F-16F7-4668-BE54-9A1E7A4F7556}") = "Test_interfaz_2", "Test_interfaz_2\Test_interfaz_2.csproj", "{0B545578-6947-47BE-A344-A49B7492869A}"
EndProject
Project("{FAE04EC0-301F-11D3-BF4B-00C04F79EFBC}") = "test_Alfabeto_Numero", "test_Alfabeto_Numero\test_Alfabeto_Numero.csproj", "{50B12B8F-9FAD-466A-AA91-33F88E1D3339}"
EndProject
Global
	GlobalSection(SolutionConfigurationPlatforms) = preSolution
		Debug|Any CPU = Debug|Any CPU
		Release|Any CPU = Release|Any CPU
	EndGlobalSection
	GlobalSection(ProjectConfigurationPlatforms) = postSolution
		{0B545578-6947-47BE-A344-A49B7492869A}.Debug|Any CPU.ActiveCfg = Debug|Any CPU
		{0B545578-6947-47BE-A344-A49B7492869A}.Debug|Any CPU.Build.0 = Debug|Any CPU
		{0B545578-6947-47BE-A344-A49B7492869A}.Release|Any CPU.ActiveCfg = Release|Any CPU
		{0B545578-6947-47BE-A344-A49B7492869A}.Release|Any CPU.Build.0 = Release|Any CPU
		{50B12B8F-9FAD-466A-AA91-33F88E1D3339}.Debug|Any CPU.ActiveCfg = Debug|Any CPU
		{50B12B8F-9FAD-466A-AA91-33F88E1D3339}.Debug|Any CPU.Build.0 = Debug|Any CPU
		{50B12B8F-9FAD-466A-AA91-33F88E1D3339}.Release|Any CPU.ActiveCfg = Release|Any CPU
		{50B12B8F-9FAD-466A-AA91-33F88E1D3339}.Release|Any CPU.Build.0 = Release|Any CPU
	EndGlobalSection
	GlobalSection(SolutionProperties) = preSolution
		HideSolutionNode = FALSE
	EndGlobalSection
	GlobalSection(ExtensibilityGlobals) = postSolution
		SolutionGuid = {8DD6D1CF-E250-494F-B0C6-92D0FB23D536}
	EndGlobalSection
EndGlobal
